
Microsoft Visual Studio Solution File, Format Version 12.00
# Visual Studio 2013
VisualStudioVersion = 12.0.31101.0
MinimumVisualStudioVersion = 10.0.40219.1
Project("{FAE04EC0-301F-11D3-BF4B-00C04F79EFBC}") = "EFRelationshipSample", "EFRelationshipSample\EFRelationshipSample.csproj", "{FEA319B8-33D1-40D7-9493-11A06F8FED9C}"
EndProject
Project("{2150E333-8FDC-42A3-9474-1A3956D46DE8}") = ".nuget", ".nuget", "{A1E73A3F-7638-4BC4-A392-0E2F47BA9EB4}"
	ProjectSection(SolutionItems) = preProject
		.nuget\NuGet.Config = .nuget\NuGet.Config
		.nuget\NuGet.exe = .nuget\NuGet.exe
		.nuget\NuGet.targets = .nuget\NuGet.targets
	EndProjectSection
EndProject
Global
	GlobalSection(SolutionConfigurationPlatforms) = preSolution
		Debug|Any CPU = Debug|Any CPU
		Release|Any CPU = Release|Any CPU
	EndGlobalSection
	GlobalSection(ProjectConfigurationPlatforms) = postSolution
		{FEA319B8-33D1-40D7-9493-11A06F8FED9C}.Debug|Any CPU.ActiveCfg = Debug|Any CPU
		{FEA319B8-33D1-40D7-9493-11A06F8FED9C}.Debug|Any CPU.Build.0 = Debug|Any CPU
		{FEA319B8-33D1-40D7-9493-11A06F8FED9C}.Release|Any CPU.ActiveCfg = Release|Any CPU
		{FEA319B8-33D1-40D7-9493-11A06F8FED9C}.Release|Any CPU.Build.0 = Release|Any CPU
	EndGlobalSection
	GlobalSection(SolutionProperties) = preSolution
		HideSolutionNode = FALSE
	EndGlobalSection
EndGlobal
